// !$*UTF8*$!
{
	archiveVersion = 1;
	classes = {
	};
	objectVersion = 56;
	objects = {

/* Begin PBXBuildFile section */
		2328092F2B7424CC00F0A1B1 /* LocalNotifications.swift in Sources */ = {isa = PBXBuildFile; fileRef = 2328092E2B7424CC00F0A1B1 /* LocalNotifications.swift */; };
		232809322B75781000F0A1B1 /* toilet-flush-2-short.mp3 in Resources */ = {isa = PBXBuildFile; fileRef = 232809302B75728100F0A1B1 /* toilet-flush-2-short.mp3 */; };
		232809362B7A6C7900F0A1B1 /* FillingView.swift in Sources */ = {isa = PBXBuildFile; fileRef = 232809352B7A6C7900F0A1B1 /* FillingView.swift */; };
		232809382B7A86EF00F0A1B1 /* FillingImageView.swift in Sources */ = {isa = PBXBuildFile; fileRef = 232809372B7A86EF00F0A1B1 /* FillingImageView.swift */; };
		235A0ADD2B694C0D00C72155 /* OhPooApp.swift in Sources */ = {isa = PBXBuildFile; fileRef = 235A0ADC2B694C0D00C72155 /* OhPooApp.swift */; };
		235A0AE12B694C0E00C72155 /* Assets.xcassets in Resources */ = {isa = PBXBuildFile; fileRef = 235A0AE02B694C0E00C72155 /* Assets.xcassets */; };
		235A0AE42B694C0E00C72155 /* Preview Assets.xcassets in Resources */ = {isa = PBXBuildFile; fileRef = 235A0AE32B694C0E00C72155 /* Preview Assets.xcassets */; };
		235A0AEE2B694C0E00C72155 /* OhPooTests.swift in Sources */ = {isa = PBXBuildFile; fileRef = 235A0AED2B694C0E00C72155 /* OhPooTests.swift */; };
		235A0AF82B694C0E00C72155 /* OhPooUITests.swift in Sources */ = {isa = PBXBuildFile; fileRef = 235A0AF72B694C0E00C72155 /* OhPooUITests.swift */; };
		235A0AFA2B694C0E00C72155 /* OhPooUITestsLaunchTests.swift in Sources */ = {isa = PBXBuildFile; fileRef = 235A0AF92B694C0E00C72155 /* OhPooUITestsLaunchTests.swift */; };
		235A0B152B694FBC00C72155 /* HomeView.swift in Sources */ = {isa = PBXBuildFile; fileRef = 235A0B142B694FBC00C72155 /* HomeView.swift */; };
		235A0B192B6950C300C72155 /* PooTheme.swift in Sources */ = {isa = PBXBuildFile; fileRef = 235A0B182B6950C300C72155 /* PooTheme.swift */; };
		235A0B1D2B6950F200C72155 /* PooTimer.swift in Sources */ = {isa = PBXBuildFile; fileRef = 235A0B1C2B6950F200C72155 /* PooTimer.swift */; };
		235A0B1F2B69512600C72155 /* PooTimerView.swift in Sources */ = {isa = PBXBuildFile; fileRef = 235A0B1E2B69512600C72155 /* PooTimerView.swift */; };
		235A0B212B69516A00C72155 /* TimerArc.swift in Sources */ = {isa = PBXBuildFile; fileRef = 235A0B202B69516A00C72155 /* TimerArc.swift */; };
		235A0B232B69523A00C72155 /* CountdownView.swift in Sources */ = {isa = PBXBuildFile; fileRef = 235A0B222B69523A00C72155 /* CountdownView.swift */; };
		235A0B252B6952B100C72155 /* SettingsView.swift in Sources */ = {isa = PBXBuildFile; fileRef = 235A0B242B6952B100C72155 /* SettingsView.swift */; };
		235A0B272B69C0D100C72155 /* AVPlayer+getAudio.swift in Sources */ = {isa = PBXBuildFile; fileRef = 235A0B262B69C0D100C72155 /* AVPlayer+getAudio.swift */; };
		235A0B2B2B69CB5B00C72155 /* fart-05.mp3 in Resources */ = {isa = PBXBuildFile; fileRef = 235A0B292B69CB5B00C72155 /* fart-05.mp3 */; };
		235A0B2C2B69CB5B00C72155 /* toilet-flush-2.mp3 in Resources */ = {isa = PBXBuildFile; fileRef = 235A0B2A2B69CB5B00C72155 /* toilet-flush-2.mp3 */; };
		235A0B4B2B715D2F00C72155 /* AppDelegate.swift in Sources */ = {isa = PBXBuildFile; fileRef = 235A0B4A2B715D2F00C72155 /* AppDelegate.swift */; };
		235ED7B82B7FE27700EEFEE2 /* HomeContentsView.swift in Sources */ = {isa = PBXBuildFile; fileRef = 235ED7B72B7FE27700EEFEE2 /* HomeContentsView.swift */; };
		235ED7BA2B7FEE3900EEFEE2 /* DynamicOrientationStackView.swift in Sources */ = {isa = PBXBuildFile; fileRef = 235ED7B92B7FEE3900EEFEE2 /* DynamicOrientationStackView.swift */; };
		235ED7BC2B7FF6E600EEFEE2 /* PooTimerContentsView.swift in Sources */ = {isa = PBXBuildFile; fileRef = 235ED7BB2B7FF6E600EEFEE2 /* PooTimerContentsView.swift */; };
		235ED7BE2B8D146A00EEFEE2 /* PooSettingsStore.swift in Sources */ = {isa = PBXBuildFile; fileRef = 235ED7BD2B8D146A00EEFEE2 /* PooSettingsStore.swift */; };
		235ED7C02B8D18EE00EEFEE2 /* PooTimerSettings.swift in Sources */ = {isa = PBXBuildFile; fileRef = 235ED7BF2B8D18EE00EEFEE2 /* PooTimerSettings.swift */; };
		23D144002B7D080700A4235B /* TrailingIconLabelStyle.swift in Sources */ = {isa = PBXBuildFile; fileRef = 23D143FF2B7D080700A4235B /* TrailingIconLabelStyle.swift */; };
		23D144022B7D6E2600A4235B /* AudioFile.swift in Sources */ = {isa = PBXBuildFile; fileRef = 23D144012B7D6E2600A4235B /* AudioFile.swift */; };
/* End PBXBuildFile section */

/* Begin PBXContainerItemProxy section */
		235A0AEA2B694C0E00C72155 /* PBXContainerItemProxy */ = {
			isa = PBXContainerItemProxy;
			containerPortal = 235A0AD12B694C0D00C72155 /* Project object */;
			proxyType = 1;
			remoteGlobalIDString = 235A0AD82B694C0D00C72155;
			remoteInfo = OhPoo;
		};
		235A0AF42B694C0E00C72155 /* PBXContainerItemProxy */ = {
			isa = PBXContainerItemProxy;
			containerPortal = 235A0AD12B694C0D00C72155 /* Project object */;
			proxyType = 1;
			remoteGlobalIDString = 235A0AD82B694C0D00C72155;
			remoteInfo = OhPoo;
		};
/* End PBXContainerItemProxy section */

/* Begin PBXFileReference section */
		2328092E2B7424CC00F0A1B1 /* LocalNotifications.swift */ = {isa = PBXFileReference; lastKnownFileType = sourcecode.swift; path = LocalNotifications.swift; sourceTree = "<group>"; };
		232809302B75728100F0A1B1 /* toilet-flush-2-short.mp3 */ = {isa = PBXFileReference; lastKnownFileType = audio.mp3; path = "toilet-flush-2-short.mp3"; sourceTree = "<group>"; };
		232809352B7A6C7900F0A1B1 /* FillingView.swift */ = {isa = PBXFileReference; lastKnownFileType = sourcecode.swift; path = FillingView.swift; sourceTree = "<group>"; };
		232809372B7A86EF00F0A1B1 /* FillingImageView.swift */ = {isa = PBXFileReference; lastKnownFileType = sourcecode.swift; path = FillingImageView.swift; sourceTree = "<group>"; };
		235A0AD92B694C0D00C72155 /* OhPoo.app */ = {isa = PBXFileReference; explicitFileType = wrapper.application; includeInIndex = 0; path = OhPoo.app; sourceTree = BUILT_PRODUCTS_DIR; };
		235A0ADC2B694C0D00C72155 /* OhPooApp.swift */ = {isa = PBXFileReference; lastKnownFileType = sourcecode.swift; path = OhPooApp.swift; sourceTree = "<group>"; };
		235A0AE02B694C0E00C72155 /* Assets.xcassets */ = {isa = PBXFileReference; lastKnownFileType = folder.assetcatalog; path = Assets.xcassets; sourceTree = "<group>"; };
		235A0AE32B694C0E00C72155 /* Preview Assets.xcassets */ = {isa = PBXFileReference; lastKnownFileType = folder.assetcatalog; path = "Preview Assets.xcassets"; sourceTree = "<group>"; };
		235A0AE92B694C0E00C72155 /* OhPooTests.xctest */ = {isa = PBXFileReference; explicitFileType = wrapper.cfbundle; includeInIndex = 0; path = OhPooTests.xctest; sourceTree = BUILT_PRODUCTS_DIR; };
		235A0AED2B694C0E00C72155 /* OhPooTests.swift */ = {isa = PBXFileReference; lastKnownFileType = sourcecode.swift; path = OhPooTests.swift; sourceTree = "<group>"; };
		235A0AF32B694C0E00C72155 /* OhPooUITests.xctest */ = {isa = PBXFileReference; explicitFileType = wrapper.cfbundle; includeInIndex = 0; path = OhPooUITests.xctest; sourceTree = BUILT_PRODUCTS_DIR; };
		235A0AF72B694C0E00C72155 /* OhPooUITests.swift */ = {isa = PBXFileReference; lastKnownFileType = sourcecode.swift; path = OhPooUITests.swift; sourceTree = "<group>"; };
		235A0AF92B694C0E00C72155 /* OhPooUITestsLaunchTests.swift */ = {isa = PBXFileReference; lastKnownFileType = sourcecode.swift; path = OhPooUITestsLaunchTests.swift; sourceTree = "<group>"; };
		235A0B142B694FBC00C72155 /* HomeView.swift */ = {isa = PBXFileReference; lastKnownFileType = sourcecode.swift; path = HomeView.swift; sourceTree = "<group>"; };
		235A0B182B6950C300C72155 /* PooTheme.swift */ = {isa = PBXFileReference; lastKnownFileType = sourcecode.swift; path = PooTheme.swift; sourceTree = "<group>"; };
		235A0B1C2B6950F200C72155 /* PooTimer.swift */ = {isa = PBXFileReference; lastKnownFileType = sourcecode.swift; path = PooTimer.swift; sourceTree = "<group>"; };
		235A0B1E2B69512600C72155 /* PooTimerView.swift */ = {isa = PBXFileReference; lastKnownFileType = sourcecode.swift; path = PooTimerView.swift; sourceTree = "<group>"; };
		235A0B202B69516A00C72155 /* TimerArc.swift */ = {isa = PBXFileReference; lastKnownFileType = sourcecode.swift; path = TimerArc.swift; sourceTree = "<group>"; };
		235A0B222B69523A00C72155 /* CountdownView.swift */ = {isa = PBXFileReference; lastKnownFileType = sourcecode.swift; path = CountdownView.swift; sourceTree = "<group>"; };
		235A0B242B6952B100C72155 /* SettingsView.swift */ = {isa = PBXFileReference; lastKnownFileType = sourcecode.swift; path = SettingsView.swift; sourceTree = "<group>"; };
		235A0B262B69C0D100C72155 /* AVPlayer+getAudio.swift */ = {isa = PBXFileReference; lastKnownFileType = sourcecode.swift; path = "AVPlayer+getAudio.swift"; sourceTree = "<group>"; };
		235A0B292B69CB5B00C72155 /* fart-05.mp3 */ = {isa = PBXFileReference; lastKnownFileType = audio.mp3; path = "fart-05.mp3"; sourceTree = "<group>"; };
		235A0B2A2B69CB5B00C72155 /* toilet-flush-2.mp3 */ = {isa = PBXFileReference; lastKnownFileType = audio.mp3; path = "toilet-flush-2.mp3"; sourceTree = "<group>"; };
		235A0B492B6BCC9400C72155 /* Info.plist */ = {isa = PBXFileReference; lastKnownFileType = text.plist; path = Info.plist; sourceTree = "<group>"; };
		235A0B4A2B715D2F00C72155 /* AppDelegate.swift */ = {isa = PBXFileReference; lastKnownFileType = sourcecode.swift; path = AppDelegate.swift; sourceTree = "<group>"; };
		235ED7B72B7FE27700EEFEE2 /* HomeContentsView.swift */ = {isa = PBXFileReference; lastKnownFileType = sourcecode.swift; path = HomeContentsView.swift; sourceTree = "<group>"; };
		235ED7B92B7FEE3900EEFEE2 /* DynamicOrientationStackView.swift */ = {isa = PBXFileReference; lastKnownFileType = sourcecode.swift; path = DynamicOrientationStackView.swift; sourceTree = "<group>"; };
		235ED7BB2B7FF6E600EEFEE2 /* PooTimerContentsView.swift */ = {isa = PBXFileReference; lastKnownFileType = sourcecode.swift; path = PooTimerContentsView.swift; sourceTree = "<group>"; };
		235ED7BD2B8D146A00EEFEE2 /* PooSettingsStore.swift */ = {isa = PBXFileReference; lastKnownFileType = sourcecode.swift; path = PooSettingsStore.swift; sourceTree = "<group>"; };
		235ED7BF2B8D18EE00EEFEE2 /* PooTimerSettings.swift */ = {isa = PBXFileReference; lastKnownFileType = sourcecode.swift; path = PooTimerSettings.swift; sourceTree = "<group>"; };
		23D143FF2B7D080700A4235B /* TrailingIconLabelStyle.swift */ = {isa = PBXFileReference; lastKnownFileType = sourcecode.swift; path = TrailingIconLabelStyle.swift; sourceTree = "<group>"; };
		23D144012B7D6E2600A4235B /* AudioFile.swift */ = {isa = PBXFileReference; lastKnownFileType = sourcecode.swift; path = AudioFile.swift; sourceTree = "<group>"; };
/* End PBXFileReference section */

/* Begin PBXFrameworksBuildPhase section */
		235A0AD62B694C0D00C72155 /* Frameworks */ = {
			isa = PBXFrameworksBuildPhase;
			buildActionMask = 2147483647;
			files = (
			);
			runOnlyForDeploymentPostprocessing = 0;
		};
		235A0AE62B694C0E00C72155 /* Frameworks */ = {
			isa = PBXFrameworksBuildPhase;
			buildActionMask = 2147483647;
			files = (
			);
			runOnlyForDeploymentPostprocessing = 0;
		};
		235A0AF02B694C0E00C72155 /* Frameworks */ = {
			isa = PBXFrameworksBuildPhase;
			buildActionMask = 2147483647;
			files = (
			);
			runOnlyForDeploymentPostprocessing = 0;
		};
/* End PBXFrameworksBuildPhase section */

/* Begin PBXGroup section */
		235A0AD02B694C0D00C72155 = {
			isa = PBXGroup;
			children = (
				235A0ADB2B694C0D00C72155 /* OhPoo */,
				235A0AEC2B694C0E00C72155 /* OhPooTests */,
				235A0AF62B694C0E00C72155 /* OhPooUITests */,
				235A0ADA2B694C0D00C72155 /* Products */,
			);
			sourceTree = "<group>";
		};
		235A0ADA2B694C0D00C72155 /* Products */ = {
			isa = PBXGroup;
			children = (
				235A0AD92B694C0D00C72155 /* OhPoo.app */,
				235A0AE92B694C0E00C72155 /* OhPooTests.xctest */,
				235A0AF32B694C0E00C72155 /* OhPooUITests.xctest */,
			);
			name = Products;
			sourceTree = "<group>";
		};
		235A0ADB2B694C0D00C72155 /* OhPoo */ = {
			isa = PBXGroup;
			children = (
				235A0B492B6BCC9400C72155 /* Info.plist */,
				235A0B162B69503A00C72155 /* Models */,
				235A0B172B69504100C72155 /* Views */,
				235A0AE02B694C0E00C72155 /* Assets.xcassets */,
				235A0AE22B694C0E00C72155 /* Preview Content */,
				235A0B282B69CB2200C72155 /* Resources */,
				235A0B4A2B715D2F00C72155 /* AppDelegate.swift */,
			);
			path = OhPoo;
			sourceTree = "<group>";
		};
		235A0AE22B694C0E00C72155 /* Preview Content */ = {
			isa = PBXGroup;
			children = (
				235A0AE32B694C0E00C72155 /* Preview Assets.xcassets */,
			);
			path = "Preview Content";
			sourceTree = "<group>";
		};
		235A0AEC2B694C0E00C72155 /* OhPooTests */ = {
			isa = PBXGroup;
			children = (
				235A0AED2B694C0E00C72155 /* OhPooTests.swift */,
			);
			path = OhPooTests;
			sourceTree = "<group>";
		};
		235A0AF62B694C0E00C72155 /* OhPooUITests */ = {
			isa = PBXGroup;
			children = (
				235A0AF72B694C0E00C72155 /* OhPooUITests.swift */,
				235A0AF92B694C0E00C72155 /* OhPooUITestsLaunchTests.swift */,
			);
			path = OhPooUITests;
			sourceTree = "<group>";
		};
		235A0B162B69503A00C72155 /* Models */ = {
			isa = PBXGroup;
			children = (
				235A0B262B69C0D100C72155 /* AVPlayer+getAudio.swift */,
				2328092E2B7424CC00F0A1B1 /* LocalNotifications.swift */,
				235ED7BD2B8D146A00EEFEE2 /* PooSettingsStore.swift */,
				235A0B182B6950C300C72155 /* PooTheme.swift */,
				235A0B1C2B6950F200C72155 /* PooTimer.swift */,
				23D143FF2B7D080700A4235B /* TrailingIconLabelStyle.swift */,
				23D144012B7D6E2600A4235B /* AudioFile.swift */,
				235ED7BF2B8D18EE00EEFEE2 /* PooTimerSettings.swift */,
			);
			path = Models;
			sourceTree = "<group>";
		};
		235A0B172B69504100C72155 /* Views */ = {
			isa = PBXGroup;
			children = (
				235A0B222B69523A00C72155 /* CountdownView.swift */,
				232809372B7A86EF00F0A1B1 /* FillingImageView.swift */,
				232809352B7A6C7900F0A1B1 /* FillingView.swift */,
				235A0B142B694FBC00C72155 /* HomeView.swift */,
				235ED7B72B7FE27700EEFEE2 /* HomeContentsView.swift */,
				235A0ADC2B694C0D00C72155 /* OhPooApp.swift */,
				235A0B1E2B69512600C72155 /* PooTimerView.swift */,
				235ED7BB2B7FF6E600EEFEE2 /* PooTimerContentsView.swift */,
				235A0B242B6952B100C72155 /* SettingsView.swift */,
				235A0B202B69516A00C72155 /* TimerArc.swift */,
				235ED7B92B7FEE3900EEFEE2 /* DynamicOrientationStackView.swift */,
			);
			path = Views;
			sourceTree = "<group>";
		};
		235A0B282B69CB2200C72155 /* Resources */ = {
			isa = PBXGroup;
			children = (
				235A0B292B69CB5B00C72155 /* fart-05.mp3 */,
				232809302B75728100F0A1B1 /* toilet-flush-2-short.mp3 */,
				235A0B2A2B69CB5B00C72155 /* toilet-flush-2.mp3 */,
			);
			path = Resources;
			sourceTree = "<group>";
		};
/* End PBXGroup section */

/* Begin PBXNativeTarget section */
		235A0AD82B694C0D00C72155 /* OhPoo */ = {
			isa = PBXNativeTarget;
			buildConfigurationList = 235A0AFD2B694C0E00C72155 /* Build configuration list for PBXNativeTarget "OhPoo" */;
			buildPhases = (
				235A0AD52B694C0D00C72155 /* Sources */,
				235A0AD62B694C0D00C72155 /* Frameworks */,
				235A0AD72B694C0D00C72155 /* Resources */,
			);
			buildRules = (
			);
			dependencies = (
			);
			name = OhPoo;
			productName = OhPoo;
			productReference = 235A0AD92B694C0D00C72155 /* OhPoo.app */;
			productType = "com.apple.product-type.application";
		};
		235A0AE82B694C0E00C72155 /* OhPooTests */ = {
			isa = PBXNativeTarget;
			buildConfigurationList = 235A0B002B694C0E00C72155 /* Build configuration list for PBXNativeTarget "OhPooTests" */;
			buildPhases = (
				235A0AE52B694C0E00C72155 /* Sources */,
				235A0AE62B694C0E00C72155 /* Frameworks */,
				235A0AE72B694C0E00C72155 /* Resources */,
			);
			buildRules = (
			);
			dependencies = (
				235A0AEB2B694C0E00C72155 /* PBXTargetDependency */,
			);
			name = OhPooTests;
			productName = OhPooTests;
			productReference = 235A0AE92B694C0E00C72155 /* OhPooTests.xctest */;
			productType = "com.apple.product-type.bundle.unit-test";
		};
		235A0AF22B694C0E00C72155 /* OhPooUITests */ = {
			isa = PBXNativeTarget;
			buildConfigurationList = 235A0B032B694C0E00C72155 /* Build configuration list for PBXNativeTarget "OhPooUITests" */;
			buildPhases = (
				235A0AEF2B694C0E00C72155 /* Sources */,
				235A0AF02B694C0E00C72155 /* Frameworks */,
				235A0AF12B694C0E00C72155 /* Resources */,
			);
			buildRules = (
			);
			dependencies = (
				235A0AF52B694C0E00C72155 /* PBXTargetDependency */,
			);
			name = OhPooUITests;
			productName = OhPooUITests;
			productReference = 235A0AF32B694C0E00C72155 /* OhPooUITests.xctest */;
			productType = "com.apple.product-type.bundle.ui-testing";
		};
/* End PBXNativeTarget section */

/* Begin PBXProject section */
		235A0AD12B694C0D00C72155 /* Project object */ = {
			isa = PBXProject;
			attributes = {
				BuildIndependentTargetsInParallel = 1;
				LastSwiftUpdateCheck = 1510;
				LastUpgradeCheck = 1510;
				TargetAttributes = {
					235A0AD82B694C0D00C72155 = {
						CreatedOnToolsVersion = 15.1;
					};
					235A0AE82B694C0E00C72155 = {
						CreatedOnToolsVersion = 15.1;
						TestTargetID = 235A0AD82B694C0D00C72155;
					};
					235A0AF22B694C0E00C72155 = {
						CreatedOnToolsVersion = 15.1;
						TestTargetID = 235A0AD82B694C0D00C72155;
					};
				};
			};
			buildConfigurationList = 235A0AD42B694C0D00C72155 /* Build configuration list for PBXProject "OhPoo" */;
			compatibilityVersion = "Xcode 14.0";
			developmentRegion = en;
			hasScannedForEncodings = 0;
			knownRegions = (
				en,
				Base,
			);
			mainGroup = 235A0AD02B694C0D00C72155;
			productRefGroup = 235A0ADA2B694C0D00C72155 /* Products */;
			projectDirPath = "";
			projectRoot = "";
			targets = (
				235A0AD82B694C0D00C72155 /* OhPoo */,
				235A0AE82B694C0E00C72155 /* OhPooTests */,
				235A0AF22B694C0E00C72155 /* OhPooUITests */,
			);
		};
/* End PBXProject section */

/* Begin PBXResourcesBuildPhase section */
		235A0AD72B694C0D00C72155 /* Resources */ = {
			isa = PBXResourcesBuildPhase;
			buildActionMask = 2147483647;
			files = (
				235A0AE42B694C0E00C72155 /* Preview Assets.xcassets in Resources */,
				235A0AE12B694C0E00C72155 /* Assets.xcassets in Resources */,
				235A0B2B2B69CB5B00C72155 /* fart-05.mp3 in Resources */,
				235A0B2C2B69CB5B00C72155 /* toilet-flush-2.mp3 in Resources */,
				232809322B75781000F0A1B1 /* toilet-flush-2-short.mp3 in Resources */,
			);
			runOnlyForDeploymentPostprocessing = 0;
		};
		235A0AE72B694C0E00C72155 /* Resources */ = {
			isa = PBXResourcesBuildPhase;
			buildActionMask = 2147483647;
			files = (
			);
			runOnlyForDeploymentPostprocessing = 0;
		};
		235A0AF12B694C0E00C72155 /* Resources */ = {
			isa = PBXResourcesBuildPhase;
			buildActionMask = 2147483647;
			files = (
			);
			runOnlyForDeploymentPostprocessing = 0;
		};
/* End PBXResourcesBuildPhase section */

/* Begin PBXSourcesBuildPhase section */
		235A0AD52B694C0D00C72155 /* Sources */ = {
			isa = PBXSourcesBuildPhase;
			buildActionMask = 2147483647;
			files = (
				235A0B4B2B715D2F00C72155 /* AppDelegate.swift in Sources */,
				235A0B272B69C0D100C72155 /* AVPlayer+getAudio.swift in Sources */,
				2328092F2B7424CC00F0A1B1 /* LocalNotifications.swift in Sources */,
				235ED7B82B7FE27700EEFEE2 /* HomeContentsView.swift in Sources */,
				235A0B1F2B69512600C72155 /* PooTimerView.swift in Sources */,
				235A0B252B6952B100C72155 /* SettingsView.swift in Sources */,
				235A0B1D2B6950F200C72155 /* PooTimer.swift in Sources */,
				235ED7BE2B8D146A00EEFEE2 /* PooSettingsStore.swift in Sources */,
				232809382B7A86EF00F0A1B1 /* FillingImageView.swift in Sources */,
				235A0B212B69516A00C72155 /* TimerArc.swift in Sources */,
				235A0B232B69523A00C72155 /* CountdownView.swift in Sources */,
				235ED7C02B8D18EE00EEFEE2 /* PooTimerSettings.swift in Sources */,
				23D144022B7D6E2600A4235B /* AudioFile.swift in Sources */,
				235ED7BC2B7FF6E600EEFEE2 /* PooTimerContentsView.swift in Sources */,
				232809362B7A6C7900F0A1B1 /* FillingView.swift in Sources */,
				235ED7BA2B7FEE3900EEFEE2 /* DynamicOrientationStackView.swift in Sources */,
				235A0B192B6950C300C72155 /* PooTheme.swift in Sources */,
				235A0ADD2B694C0D00C72155 /* OhPooApp.swift in Sources */,
				235A0B152B694FBC00C72155 /* HomeView.swift in Sources */,
				23D144002B7D080700A4235B /* TrailingIconLabelStyle.swift in Sources */,
			);
			runOnlyForDeploymentPostprocessing = 0;
		};
		235A0AE52B694C0E00C72155 /* Sources */ = {
			isa = PBXSourcesBuildPhase;
			buildActionMask = 2147483647;
			files = (
				235A0AEE2B694C0E00C72155 /* OhPooTests.swift in Sources */,
			);
			runOnlyForDeploymentPostprocessing = 0;
		};
		235A0AEF2B694C0E00C72155 /* Sources */ = {
			isa = PBXSourcesBuildPhase;
			buildActionMask = 2147483647;
			files = (
				235A0AFA2B694C0E00C72155 /* OhPooUITestsLaunchTests.swift in Sources */,
				235A0AF82B694C0E00C72155 /* OhPooUITests.swift in Sources */,
			);
			runOnlyForDeploymentPostprocessing = 0;
		};
/* End PBXSourcesBuildPhase section */

/* Begin PBXTargetDependency section */
		235A0AEB2B694C0E00C72155 /* PBXTargetDependency */ = {
			isa = PBXTargetDependency;
			target = 235A0AD82B694C0D00C72155 /* OhPoo */;
			targetProxy = 235A0AEA2B694C0E00C72155 /* PBXContainerItemProxy */;
		};
		235A0AF52B694C0E00C72155 /* PBXTargetDependency */ = {
			isa = PBXTargetDependency;
			target = 235A0AD82B694C0D00C72155 /* OhPoo */;
			targetProxy = 235A0AF42B694C0E00C72155 /* PBXContainerItemProxy */;
		};
/* End PBXTargetDependency section */

/* Begin XCBuildConfiguration section */
		235A0AFB2B694C0E00C72155 /* Debug */ = {
			isa = XCBuildConfiguration;
			buildSettings = {
				ALWAYS_SEARCH_USER_PATHS = NO;
				ASSETCATALOG_COMPILER_GENERATE_SWIFT_ASSET_SYMBOL_EXTENSIONS = YES;
				CLANG_ANALYZER_NONNULL = YES;
				CLANG_ANALYZER_NUMBER_OBJECT_CONVERSION = YES_AGGRESSIVE;
				CLANG_CXX_LANGUAGE_STANDARD = "gnu++20";
				CLANG_ENABLE_MODULES = YES;
				CLANG_ENABLE_OBJC_ARC = YES;
				CLANG_ENABLE_OBJC_WEAK = YES;
				CLANG_WARN_BLOCK_CAPTURE_AUTORELEASING = YES;
				CLANG_WARN_BOOL_CONVERSION = YES;
				CLANG_WARN_COMMA = YES;
				CLANG_WARN_CONSTANT_CONVERSION = YES;
				CLANG_WARN_DEPRECATED_OBJC_IMPLEMENTATIONS = YES;
				CLANG_WARN_DIRECT_OBJC_ISA_USAGE = YES_ERROR;
				CLANG_WARN_DOCUMENTATION_COMMENTS = YES;
				CLANG_WARN_EMPTY_BODY = YES;
				CLANG_WARN_ENUM_CONVERSION = YES;
				CLANG_WARN_INFINITE_RECURSION = YES;
				CLANG_WARN_INT_CONVERSION = YES;
				CLANG_WARN_NON_LITERAL_NULL_CONVERSION = YES;
				CLANG_WARN_OBJC_IMPLICIT_RETAIN_SELF = YES;
				CLANG_WARN_OBJC_LITERAL_CONVERSION = YES;
				CLANG_WARN_OBJC_ROOT_CLASS = YES_ERROR;
				CLANG_WARN_QUOTED_INCLUDE_IN_FRAMEWORK_HEADER = YES;
				CLANG_WARN_RANGE_LOOP_ANALYSIS = YES;
				CLANG_WARN_STRICT_PROTOTYPES = YES;
				CLANG_WARN_SUSPICIOUS_MOVE = YES;
				CLANG_WARN_UNGUARDED_AVAILABILITY = YES_AGGRESSIVE;
				CLANG_WARN_UNREACHABLE_CODE = YES;
				CLANG_WARN__DUPLICATE_METHOD_MATCH = YES;
				COPY_PHASE_STRIP = NO;
				DEBUG_INFORMATION_FORMAT = dwarf;
				ENABLE_STRICT_OBJC_MSGSEND = YES;
				ENABLE_TESTABILITY = YES;
				ENABLE_USER_SCRIPT_SANDBOXING = YES;
				GCC_C_LANGUAGE_STANDARD = gnu17;
				GCC_DYNAMIC_NO_PIC = NO;
				GCC_NO_COMMON_BLOCKS = YES;
				GCC_OPTIMIZATION_LEVEL = 0;
				GCC_PREPROCESSOR_DEFINITIONS = (
					"DEBUG=1",
					"$(inherited)",
				);
				GCC_WARN_64_TO_32_BIT_CONVERSION = YES;
				GCC_WARN_ABOUT_RETURN_TYPE = YES_ERROR;
				GCC_WARN_UNDECLARED_SELECTOR = YES;
				GCC_WARN_UNINITIALIZED_AUTOS = YES_AGGRESSIVE;
				GCC_WARN_UNUSED_FUNCTION = YES;
				GCC_WARN_UNUSED_VARIABLE = YES;
				IPHONEOS_DEPLOYMENT_TARGET = 17.2;
				LOCALIZATION_PREFERS_STRING_CATALOGS = YES;
				MTL_ENABLE_DEBUG_INFO = INCLUDE_SOURCE;
				MTL_FAST_MATH = YES;
				ONLY_ACTIVE_ARCH = YES;
				SDKROOT = iphoneos;
				SWIFT_ACTIVE_COMPILATION_CONDITIONS = "DEBUG $(inherited)";
				SWIFT_OPTIMIZATION_LEVEL = "-Onone";
			};
			name = Debug;
		};
		235A0AFC2B694C0E00C72155 /* Release */ = {
			isa = XCBuildConfiguration;
			buildSettings = {
				ALWAYS_SEARCH_USER_PATHS = NO;
				ASSETCATALOG_COMPILER_GENERATE_SWIFT_ASSET_SYMBOL_EXTENSIONS = YES;
				CLANG_ANALYZER_NONNULL = YES;
				CLANG_ANALYZER_NUMBER_OBJECT_CONVERSION = YES_AGGRESSIVE;
				CLANG_CXX_LANGUAGE_STANDARD = "gnu++20";
				CLANG_ENABLE_MODULES = YES;
				CLANG_ENABLE_OBJC_ARC = YES;
				CLANG_ENABLE_OBJC_WEAK = YES;
				CLANG_WARN_BLOCK_CAPTURE_AUTORELEASING = YES;
				CLANG_WARN_BOOL_CONVERSION = YES;
				CLANG_WARN_COMMA = YES;
				CLANG_WARN_CONSTANT_CONVERSION = YES;
				CLANG_WARN_DEPRECATED_OBJC_IMPLEMENTATIONS = YES;
				CLANG_WARN_DIRECT_OBJC_ISA_USAGE = YES_ERROR;
				CLANG_WARN_DOCUMENTATION_COMMENTS = YES;
				CLANG_WARN_EMPTY_BODY = YES;
				CLANG_WARN_ENUM_CONVERSION = YES;
				CLANG_WARN_INFINITE_RECURSION = YES;
				CLANG_WARN_INT_CONVERSION = YES;
				CLANG_WARN_NON_LITERAL_NULL_CONVERSION = YES;
				CLANG_WARN_OBJC_IMPLICIT_RETAIN_SELF = YES;
				CLANG_WARN_OBJC_LITERAL_CONVERSION = YES;
				CLANG_WARN_OBJC_ROOT_CLASS = YES_ERROR;
				CLANG_WARN_QUOTED_INCLUDE_IN_FRAMEWORK_HEADER = YES;
				CLANG_WARN_RANGE_LOOP_ANALYSIS = YES;
				CLANG_WARN_STRICT_PROTOTYPES = YES;
				CLANG_WARN_SUSPICIOUS_MOVE = YES;
				CLANG_WARN_UNGUARDED_AVAILABILITY = YES_AGGRESSIVE;
				CLANG_WARN_UNREACHABLE_CODE = YES;
				CLANG_WARN__DUPLICATE_METHOD_MATCH = YES;
				COPY_PHASE_STRIP = NO;
				DEBUG_INFORMATION_FORMAT = "dwarf-with-dsym";
				ENABLE_NS_ASSERTIONS = NO;
				ENABLE_STRICT_OBJC_MSGSEND = YES;
				ENABLE_USER_SCRIPT_SANDBOXING = YES;
				GCC_C_LANGUAGE_STANDARD = gnu17;
				GCC_NO_COMMON_BLOCKS = YES;
				GCC_WARN_64_TO_32_BIT_CONVERSION = YES;
				GCC_WARN_ABOUT_RETURN_TYPE = YES_ERROR;
				GCC_WARN_UNDECLARED_SELECTOR = YES;
				GCC_WARN_UNINITIALIZED_AUTOS = YES_AGGRESSIVE;
				GCC_WARN_UNUSED_FUNCTION = YES;
				GCC_WARN_UNUSED_VARIABLE = YES;
				IPHONEOS_DEPLOYMENT_TARGET = 17.2;
				LOCALIZATION_PREFERS_STRING_CATALOGS = YES;
				MTL_ENABLE_DEBUG_INFO = NO;
				MTL_FAST_MATH = YES;
				SDKROOT = iphoneos;
				SWIFT_COMPILATION_MODE = wholemodule;
				VALIDATE_PRODUCT = YES;
			};
			name = Release;
		};
		235A0AFE2B694C0E00C72155 /* Debug */ = {
			isa = XCBuildConfiguration;
			buildSettings = {
				ASSETCATALOG_COMPILER_APPICON_NAME = AppIcon;
				ASSETCATALOG_COMPILER_GLOBAL_ACCENT_COLOR_NAME = AccentColor;
				CODE_SIGN_IDENTITY = "Apple Development";
				CODE_SIGN_STYLE = Automatic;
				CURRENT_PROJECT_VERSION = 4;
				DEVELOPMENT_ASSET_PATHS = "\"OhPoo/Preview Content\"";
				DEVELOPMENT_TEAM = 8R6NX9ZG6T;
				ENABLE_PREVIEWS = YES;
				GENERATE_INFOPLIST_FILE = YES;
				INFOPLIST_FILE = OhPoo/Info.plist;
				INFOPLIST_KEY_CFBundleDisplayName = "";
				INFOPLIST_KEY_LSApplicationCategoryType = "public.app-category.productivity";
				INFOPLIST_KEY_UIApplicationSceneManifest_Generation = YES;
				INFOPLIST_KEY_UIApplicationSupportsIndirectInputEvents = YES;
				INFOPLIST_KEY_UILaunchScreen_Generation = YES;
				INFOPLIST_KEY_UISupportedInterfaceOrientations_iPad = "UIInterfaceOrientationPortrait UIInterfaceOrientationPortraitUpsideDown UIInterfaceOrientationLandscapeLeft UIInterfaceOrientationLandscapeRight";
				INFOPLIST_KEY_UISupportedInterfaceOrientations_iPhone = "UIInterfaceOrientationPortrait UIInterfaceOrientationLandscapeLeft UIInterfaceOrientationLandscapeRight";
				IPHONEOS_DEPLOYMENT_TARGET = 17.0;
				LD_RUNPATH_SEARCH_PATHS = (
					"$(inherited)",
					"@executable_path/Frameworks",
				);
				MARKETING_VERSION = 1.0;
				PRODUCT_BUNDLE_IDENTIFIER = com.carlojacob.OhPoo;
				PRODUCT_NAME = "$(TARGET_NAME)";
				PROVISIONING_PROFILE_SPECIFIER = "";
				SUPPORTED_PLATFORMS = "iphoneos iphonesimulator";
				SUPPORTS_MACCATALYST = NO;
				SUPPORTS_MAC_DESIGNED_FOR_IPHONE_IPAD = NO;
				SUPPORTS_XR_DESIGNED_FOR_IPHONE_IPAD = NO;
				SWIFT_EMIT_LOC_STRINGS = YES;
				SWIFT_VERSION = 5.0;
				TARGETED_DEVICE_FAMILY = 1;
			};
			name = Debug;
		};
		235A0AFF2B694C0E00C72155 /* Release */ = {
			isa = XCBuildConfiguration;
			buildSettings = {
				ASSETCATALOG_COMPILER_APPICON_NAME = AppIcon;
				ASSETCATALOG_COMPILER_GLOBAL_ACCENT_COLOR_NAME = AccentColor;
				CODE_SIGN_IDENTITY = "Apple Development";
				CODE_SIGN_STYLE = Automatic;
				CURRENT_PROJECT_VERSION = 4;
				DEVELOPMENT_ASSET_PATHS = "\"OhPoo/Preview Content\"";
				DEVELOPMENT_TEAM = 8R6NX9ZG6T;
				ENABLE_PREVIEWS = YES;
				GENERATE_INFOPLIST_FILE = YES;
				INFOPLIST_FILE = OhPoo/Info.plist;
				INFOPLIST_KEY_CFBundleDisplayName = "";
				INFOPLIST_KEY_LSApplicationCategoryType = "public.app-category.productivity";
				INFOPLIST_KEY_UIApplicationSceneManifest_Generation = YES;
				INFOPLIST_KEY_UIApplicationSupportsIndirectInputEvents = YES;
				INFOPLIST_KEY_UILaunchScreen_Generation = YES;
				INFOPLIST_KEY_UISupportedInterfaceOrientations_iPad = "UIInterfaceOrientationPortrait UIInterfaceOrientationPortraitUpsideDown UIInterfaceOrientationLandscapeLeft UIInterfaceOrientationLandscapeRight";
				INFOPLIST_KEY_UISupportedInterfaceOrientations_iPhone = "UIInterfaceOrientationPortrait UIInterfaceOrientationLandscapeLeft UIInterfaceOrientationLandscapeRight";
				IPHONEOS_DEPLOYMENT_TARGET = 17.0;
				LD_RUNPATH_SEARCH_PATHS = (
					"$(inherited)",
					"@executable_path/Frameworks",
				);
				MARKETING_VERSION = 1.0;
				PRODUCT_BUNDLE_IDENTIFIER = com.carlojacob.OhPoo;
				PRODUCT_NAME = "$(TARGET_NAME)";
				PROVISIONING_PROFILE_SPECIFIER = "";
				SUPPORTED_PLATFORMS = "iphoneos iphonesimulator";
				SUPPORTS_MACCATALYST = NO;
				SUPPORTS_MAC_DESIGNED_FOR_IPHONE_IPAD = NO;
				SUPPORTS_XR_DESIGNED_FOR_IPHONE_IPAD = NO;
				SWIFT_EMIT_LOC_STRINGS = YES;
				SWIFT_VERSION = 5.0;
				TARGETED_DEVICE_FAMILY = 1;
			};
			name = Release;
		};
		235A0B012B694C0E00C72155 /* Debug */ = {
			isa = XCBuildConfiguration;
			buildSettings = {
				ALWAYS_EMBED_SWIFT_STANDARD_LIBRARIES = YES;
				BUNDLE_LOADER = "$(TEST_HOST)";
				CODE_SIGN_STYLE = Automatic;
				CURRENT_PROJECT_VERSION = 1;
				GENERATE_INFOPLIST_FILE = YES;
				IPHONEOS_DEPLOYMENT_TARGET = 17.2;
				MARKETING_VERSION = 1.0;
				PRODUCT_BUNDLE_IDENTIFIER = com.carlojacob.OhPooTests;
				PRODUCT_NAME = "$(TARGET_NAME)";
				SWIFT_EMIT_LOC_STRINGS = NO;
				SWIFT_VERSION = 5.0;
				TARGETED_DEVICE_FAMILY = "1,2";
				TEST_HOST = "$(BUILT_PRODUCTS_DIR)/OhPoo.app/$(BUNDLE_EXECUTABLE_FOLDER_PATH)/OhPoo";
			};
			name = Debug;
		};
		235A0B022B694C0E00C72155 /* Release */ = {
			isa = XCBuildConfiguration;
			buildSettings = {
				ALWAYS_EMBED_SWIFT_STANDARD_LIBRARIES = YES;
				BUNDLE_LOADER = "$(TEST_HOST)";
				CODE_SIGN_STYLE = Automatic;
				CURRENT_PROJECT_VERSION = 1;
				GENERATE_INFOPLIST_FILE = YES;
				IPHONEOS_DEPLOYMENT_TARGET = 17.2;
				MARKETING_VERSION = 1.0;
				PRODUCT_BUNDLE_IDENTIFIER = com.carlojacob.OhPooTests;
				PRODUCT_NAME = "$(TARGET_NAME)";
				SWIFT_EMIT_LOC_STRINGS = NO;
				SWIFT_VERSION = 5.0;
				TARGETED_DEVICE_FAMILY = "1,2";
				TEST_HOST = "$(BUILT_PRODUCTS_DIR)/OhPoo.app/$(BUNDLE_EXECUTABLE_FOLDER_PATH)/OhPoo";
			};
			name = Release;
		};
		235A0B042B694C0E00C72155 /* Debug */ = {
			isa = XCBuildConfiguration;
			buildSettings = {
				ALWAYS_EMBED_SWIFT_STANDARD_LIBRARIES = YES;
				CODE_SIGN_STYLE = Automatic;
				CURRENT_PROJECT_VERSION = 1;
				GENERATE_INFOPLIST_FILE = YES;
				MARKETING_VERSION = 1.0;
				PRODUCT_BUNDLE_IDENTIFIER = com.carlojacob.OhPooUITests;
				PRODUCT_NAME = "$(TARGET_NAME)";
				SWIFT_EMIT_LOC_STRINGS = NO;
				SWIFT_VERSION = 5.0;
				TARGETED_DEVICE_FAMILY = "1,2";
				TEST_TARGET_NAME = OhPoo;
			};
			name = Debug;
		};
		235A0B052B694C0E00C72155 /* Release */ = {
			isa = XCBuildConfiguration;
			buildSettings = {
				ALWAYS_EMBED_SWIFT_STANDARD_LIBRARIES = YES;
				CODE_SIGN_STYLE = Automatic;
				CURRENT_PROJECT_VERSION = 1;
				GENERATE_INFOPLIST_FILE = YES;
				MARKETING_VERSION = 1.0;
				PRODUCT_BUNDLE_IDENTIFIER = com.carlojacob.OhPooUITests;
				PRODUCT_NAME = "$(TARGET_NAME)";
				SWIFT_EMIT_LOC_STRINGS = NO;
				SWIFT_VERSION = 5.0;
				TARGETED_DEVICE_FAMILY = "1,2";
				TEST_TARGET_NAME = OhPoo;
			};
			name = Release;
		};
/* End XCBuildConfiguration section */

/* Begin XCConfigurationList section */
		235A0AD42B694C0D00C72155 /* Build configuration list for PBXProject "OhPoo" */ = {
			isa = XCConfigurationList;
			buildConfigurations = (
				235A0AFB2B694C0E00C72155 /* Debug */,
				235A0AFC2B694C0E00C72155 /* Release */,
			);
			defaultConfigurationIsVisible = 0;
			defaultConfigurationName = Release;
		};
		235A0AFD2B694C0E00C72155 /* Build configuration list for PBXNativeTarget "OhPoo" */ = {
			isa = XCConfigurationList;
			buildConfigurations = (
				235A0AFE2B694C0E00C72155 /* Debug */,
				235A0AFF2B694C0E00C72155 /* Release */,
			);
			defaultConfigurationIsVisible = 0;
			defaultConfigurationName = Release;
		};
		235A0B002B694C0E00C72155 /* Build configuration list for PBXNativeTarget "OhPooTests" */ = {
			isa = XCConfigurationList;
			buildConfigurations = (
				235A0B012B694C0E00C72155 /* Debug */,
				235A0B022B694C0E00C72155 /* Release */,
			);
			defaultConfigurationIsVisible = 0;
			defaultConfigurationName = Release;
		};
		235A0B032B694C0E00C72155 /* Build configuration list for PBXNativeTarget "OhPooUITests" */ = {
			isa = XCConfigurationList;
			buildConfigurations = (
				235A0B042B694C0E00C72155 /* Debug */,
				235A0B052B694C0E00C72155 /* Release */,
			);
			defaultConfigurationIsVisible = 0;
			defaultConfigurationName = Release;
		};
/* End XCConfigurationList section */
	};
	rootObject = 235A0AD12B694C0D00C72155 /* Project object */;
}
